
Microsoft Visual Studio Solution File, Format Version 12.00
# Visual Studio Version 17
VisualStudioVersion = 17.14.35906.104 d17.14
MinimumVisualStudioVersion = 10.0.40219.1
Project("{FAE04EC0-301F-11D3-BF4B-00C04F79EFBC}") = "TechShopApp", "ElectronicGadgets\TechShopApp.csproj", "{797706DB-26E5-4A0B-B021-D3C7EAF52A19}"
EndProject
Global
	GlobalSection(SolutionConfigurationPlatforms) = preSolution
		Debug|Any CPU = Debug|Any CPU
		Release|Any CPU = Release|Any CPU
	EndGlobalSection
	GlobalSection(ProjectConfigurationPlatforms) = postSolution
		{797706DB-26E5-4A0B-B021-D3C7EAF52A19}.Debug|Any CPU.ActiveCfg = Debug|Any CPU
		{797706DB-26E5-4A0B-B021-D3C7EAF52A19}.Debug|Any CPU.Build.0 = Debug|Any CPU
		{797706DB-26E5-4A0B-B021-D3C7EAF52A19}.Release|Any CPU.ActiveCfg = Release|Any CPU
		{797706DB-26E5-4A0B-B021-D3C7EAF52A19}.Release|Any CPU.Build.0 = Release|Any CPU
	EndGlobalSection
	GlobalSection(SolutionProperties) = preSolution
		HideSolutionNode = FALSE
	EndGlobalSection
	GlobalSection(ExtensibilityGlobals) = postSolution
		SolutionGuid = {B2DCC9F9-2175-4DC3-B79A-641809AC4BBF}
	EndGlobalSection
EndGlobal
